
Microsoft Visual Studio Solution File, Format Version 12.00
# Visual Studio Version 17
VisualStudioVersion = 17.7.34031.279
MinimumVisualStudioVersion = 10.0.40219.1
Project("{9A19103F-16F7-4668-BE54-9A1E7A4F7556}") = "ms-regis.domain", "ms-regis.domain\ms-regis.domain.csproj", "{5611F33B-B23B-4036-865D-DDD76CD606B7}"
EndProject
Project("{9A19103F-16F7-4668-BE54-9A1E7A4F7556}") = "ms-regis.infraestructure", "ms-regis.infraestructure\ms-regis.infraestructure.csproj", "{D885C339-0682-49D4-82BD-90C935CAAE74}"
EndProject
Project("{9A19103F-16F7-4668-BE54-9A1E7A4F7556}") = "ms-regis.unitTest", "ms-regis.unitTest\ms-regis.unitTest.csproj", "{AB7C8BE0-1AFE-410C-BAE5-6F1109011FC2}"
EndProject
Project("{FAE04EC0-301F-11D3-BF4B-00C04F79EFBC}") = "ms-regis.infraestructuraPostgreSQL", "ms-regis.infraestructuraPostgreSQL\ms-regis.infraestructuraPostgreSQL.csproj", "{8E887657-8C12-42B4-8C5C-F3E006C3962D}"
EndProject
Project("{FAE04EC0-301F-11D3-BF4B-00C04F79EFBC}") = "ms-regis.infraestructuraSQLServer", "ms-regis.infraestructuraSQLServer\ms-regis.infraestructuraSQLServer.csproj", "{42264E82-DAF9-4B1C-8C0E-B75BA8E1B348}"
EndProject
Global
	GlobalSection(SolutionConfigurationPlatforms) = preSolution
		Debug|Any CPU = Debug|Any CPU
		Release|Any CPU = Release|Any CPU
	EndGlobalSection
	GlobalSection(ProjectConfigurationPlatforms) = postSolution
		{5611F33B-B23B-4036-865D-DDD76CD606B7}.Debug|Any CPU.ActiveCfg = Debug|Any CPU
		{5611F33B-B23B-4036-865D-DDD76CD606B7}.Debug|Any CPU.Build.0 = Debug|Any CPU
		{5611F33B-B23B-4036-865D-DDD76CD606B7}.Release|Any CPU.ActiveCfg = Release|Any CPU
		{5611F33B-B23B-4036-865D-DDD76CD606B7}.Release|Any CPU.Build.0 = Release|Any CPU
		{D885C339-0682-49D4-82BD-90C935CAAE74}.Debug|Any CPU.ActiveCfg = Debug|Any CPU
		{D885C339-0682-49D4-82BD-90C935CAAE74}.Debug|Any CPU.Build.0 = Debug|Any CPU
		{D885C339-0682-49D4-82BD-90C935CAAE74}.Release|Any CPU.ActiveCfg = Release|Any CPU
		{D885C339-0682-49D4-82BD-90C935CAAE74}.Release|Any CPU.Build.0 = Release|Any CPU
		{AB7C8BE0-1AFE-410C-BAE5-6F1109011FC2}.Debug|Any CPU.ActiveCfg = Debug|Any CPU
		{AB7C8BE0-1AFE-410C-BAE5-6F1109011FC2}.Debug|Any CPU.Build.0 = Debug|Any CPU
		{AB7C8BE0-1AFE-410C-BAE5-6F1109011FC2}.Release|Any CPU.ActiveCfg = Release|Any CPU
		{AB7C8BE0-1AFE-410C-BAE5-6F1109011FC2}.Release|Any CPU.Build.0 = Release|Any CPU
		{8E887657-8C12-42B4-8C5C-F3E006C3962D}.Debug|Any CPU.ActiveCfg = Debug|Any CPU
		{8E887657-8C12-42B4-8C5C-F3E006C3962D}.Debug|Any CPU.Build.0 = Debug|Any CPU
		{8E887657-8C12-42B4-8C5C-F3E006C3962D}.Release|Any CPU.ActiveCfg = Release|Any CPU
		{8E887657-8C12-42B4-8C5C-F3E006C3962D}.Release|Any CPU.Build.0 = Release|Any CPU
		{42264E82-DAF9-4B1C-8C0E-B75BA8E1B348}.Debug|Any CPU.ActiveCfg = Debug|Any CPU
		{42264E82-DAF9-4B1C-8C0E-B75BA8E1B348}.Debug|Any CPU.Build.0 = Debug|Any CPU
		{42264E82-DAF9-4B1C-8C0E-B75BA8E1B348}.Release|Any CPU.ActiveCfg = Release|Any CPU
		{42264E82-DAF9-4B1C-8C0E-B75BA8E1B348}.Release|Any CPU.Build.0 = Release|Any CPU
	EndGlobalSection
	GlobalSection(SolutionProperties) = preSolution
		HideSolutionNode = FALSE
	EndGlobalSection
	GlobalSection(ExtensibilityGlobals) = postSolution
		SolutionGuid = {BAEA7C15-A069-4D66-BBDE-E2139C2EDABF}
	EndGlobalSection
EndGlobal
